
Microsoft Visual Studio Solution File, Format Version 12.00
# Visual Studio Version 17
VisualStudioVersion = 17.5.002.0
MinimumVisualStudioVersion = 10.0.40219.1
Project("{FAE04EC0-301F-11D3-BF4B-00C04F79EFBC}") = "CurrentTimeService", "CurrentTimeService\CurrentTimeService.csproj", "{A2645B86-27A6-4842-B2C1-B5CB933DC034}"
EndProject
Project("{2150E333-8FDC-42A3-9474-1A3956D46DE8}") = "tests", "tests", "{4F103E0E-44A2-441B-B9D4-CD6EAB096841}"
EndProject
Project("{FAE04EC0-301F-11D3-BF4B-00C04F79EFBC}") = "CurrentTimeService.Tests", "tests\CurrentTimeService.Tests\CurrentTimeService.Tests.csproj", "{A0601824-E1C6-4109-89F1-8ADAFBA3178D}"
EndProject
Global
	GlobalSection(SolutionConfigurationPlatforms) = preSolution
		Debug|Any CPU = Debug|Any CPU
		Release|Any CPU = Release|Any CPU
	EndGlobalSection
	GlobalSection(ProjectConfigurationPlatforms) = postSolution
		{A2645B86-27A6-4842-B2C1-B5CB933DC034}.Debug|Any CPU.ActiveCfg = Debug|Any CPU
		{A2645B86-27A6-4842-B2C1-B5CB933DC034}.Debug|Any CPU.Build.0 = Debug|Any CPU
		{A2645B86-27A6-4842-B2C1-B5CB933DC034}.Release|Any CPU.ActiveCfg = Release|Any CPU
		{A2645B86-27A6-4842-B2C1-B5CB933DC034}.Release|Any CPU.Build.0 = Release|Any CPU
		{A0601824-E1C6-4109-89F1-8ADAFBA3178D}.Debug|Any CPU.ActiveCfg = Debug|Any CPU
		{A0601824-E1C6-4109-89F1-8ADAFBA3178D}.Debug|Any CPU.Build.0 = Debug|Any CPU
		{A0601824-E1C6-4109-89F1-8ADAFBA3178D}.Release|Any CPU.ActiveCfg = Release|Any CPU
		{A0601824-E1C6-4109-89F1-8ADAFBA3178D}.Release|Any CPU.Build.0 = Release|Any CPU
	EndGlobalSection
	GlobalSection(SolutionProperties) = preSolution
		HideSolutionNode = FALSE
	EndGlobalSection
	GlobalSection(ExtensibilityGlobals) = postSolution
		SolutionGuid = {CDD18E8E-CB64-4763-88FF-F73C2C0444E7}
	EndGlobalSection
	GlobalSection(NestedProjects) = preSolution
		{A0601824-E1C6-4109-89F1-8ADAFBA3178D} = {4F103E0E-44A2-441B-B9D4-CD6EAB096841}
	EndGlobalSection
EndGlobal
